
Microsoft Visual Studio Solution File, Format Version 12.00
# Visual Studio Version 17
VisualStudioVersion = 17.0.32014.148
MinimumVisualStudioVersion = 10.0.40219.1
Project("{FAE04EC0-301F-11D3-BF4B-00C04F79EFBC}") = "WebApp", "WebApp\WebApp.csproj", "{74AF2AB7-F7B3-4A2B-92D4-7273677085D6}"
EndProject
Project("{FAE04EC0-301F-11D3-BF4B-00C04F79EFBC}") = "UserCases", "UserCases\UserCases.csproj", "{D8F42A08-0AA7-4029-965D-20F4E30A030B}"
EndProject
Global
	GlobalSection(SolutionConfigurationPlatforms) = preSolution
		Debug|Any CPU = Debug|Any CPU
		Release|Any CPU = Release|Any CPU
	EndGlobalSection
	GlobalSection(ProjectConfigurationPlatforms) = postSolution
		{74AF2AB7-F7B3-4A2B-92D4-7273677085D6}.Debug|Any CPU.ActiveCfg = Debug|Any CPU
		{74AF2AB7-F7B3-4A2B-92D4-7273677085D6}.Debug|Any CPU.Build.0 = Debug|Any CPU
		{74AF2AB7-F7B3-4A2B-92D4-7273677085D6}.Release|Any CPU.ActiveCfg = Release|Any CPU
		{74AF2AB7-F7B3-4A2B-92D4-7273677085D6}.Release|Any CPU.Build.0 = Release|Any CPU
		{D8F42A08-0AA7-4029-965D-20F4E30A030B}.Debug|Any CPU.ActiveCfg = Debug|Any CPU
		{D8F42A08-0AA7-4029-965D-20F4E30A030B}.Debug|Any CPU.Build.0 = Debug|Any CPU
		{D8F42A08-0AA7-4029-965D-20F4E30A030B}.Release|Any CPU.ActiveCfg = Release|Any CPU
		{D8F42A08-0AA7-4029-965D-20F4E30A030B}.Release|Any CPU.Build.0 = Release|Any CPU
	EndGlobalSection
	GlobalSection(SolutionProperties) = preSolution
		HideSolutionNode = FALSE
	EndGlobalSection
	GlobalSection(ExtensibilityGlobals) = postSolution
		SolutionGuid = {2D29BA18-7613-43FB-ABD0-045A48CCBD07}
	EndGlobalSection
EndGlobal
